
Microsoft Visual Studio Solution File, Format Version 12.00
# Visual Studio Version 17
VisualStudioVersion = 17.5.33516.290
MinimumVisualStudioVersion = 10.0.40219.1
Project("{FAE04EC0-301F-11D3-BF4B-00C04F79EFBC}") = "BL", "BL\BL.csproj", "{1715D42F-FAF6-41B1-983D-5814740B5520}"
EndProject
Project("{FAE04EC0-301F-11D3-BF4B-00C04F79EFBC}") = "ML", "ML\ML.csproj", "{BB8766DC-B487-4949-B587-C567C7ECBA32}"
EndProject
Project("{FAE04EC0-301F-11D3-BF4B-00C04F79EFBC}") = "DL", "DL\DL.csproj", "{C794676E-0606-42D3-9030-C0418F6E2A74}"
EndProject
Project("{FAE04EC0-301F-11D3-BF4B-00C04F79EFBC}") = "PL", "PL\PL.csproj", "{BF11703E-CF02-4FBB-8B23-AF1270781A36}"
	ProjectSection(ProjectDependencies) = postProject
		{74E69CE6-D9D5-465F-A450-D090F7384206} = {74E69CE6-D9D5-465F-A450-D090F7384206}
	EndProjectSection
EndProject
Project("{FAE04EC0-301F-11D3-BF4B-00C04F79EFBC}") = "SL", "SL\SL.csproj", "{74E69CE6-D9D5-465F-A450-D090F7384206}"
EndProject
Global
	GlobalSection(SolutionConfigurationPlatforms) = preSolution
		Debug|Any CPU = Debug|Any CPU
		Release|Any CPU = Release|Any CPU
	EndGlobalSection
	GlobalSection(ProjectConfigurationPlatforms) = postSolution
		{1715D42F-FAF6-41B1-983D-5814740B5520}.Debug|Any CPU.ActiveCfg = Debug|Any CPU
		{1715D42F-FAF6-41B1-983D-5814740B5520}.Debug|Any CPU.Build.0 = Debug|Any CPU
		{1715D42F-FAF6-41B1-983D-5814740B5520}.Release|Any CPU.ActiveCfg = Release|Any CPU
		{1715D42F-FAF6-41B1-983D-5814740B5520}.Release|Any CPU.Build.0 = Release|Any CPU
		{BB8766DC-B487-4949-B587-C567C7ECBA32}.Debug|Any CPU.ActiveCfg = Debug|Any CPU
		{BB8766DC-B487-4949-B587-C567C7ECBA32}.Debug|Any CPU.Build.0 = Debug|Any CPU
		{BB8766DC-B487-4949-B587-C567C7ECBA32}.Release|Any CPU.ActiveCfg = Release|Any CPU
		{BB8766DC-B487-4949-B587-C567C7ECBA32}.Release|Any CPU.Build.0 = Release|Any CPU
		{C794676E-0606-42D3-9030-C0418F6E2A74}.Debug|Any CPU.ActiveCfg = Debug|Any CPU
		{C794676E-0606-42D3-9030-C0418F6E2A74}.Debug|Any CPU.Build.0 = Debug|Any CPU
		{C794676E-0606-42D3-9030-C0418F6E2A74}.Release|Any CPU.ActiveCfg = Release|Any CPU
		{C794676E-0606-42D3-9030-C0418F6E2A74}.Release|Any CPU.Build.0 = Release|Any CPU
		{BF11703E-CF02-4FBB-8B23-AF1270781A36}.Debug|Any CPU.ActiveCfg = Debug|Any CPU
		{BF11703E-CF02-4FBB-8B23-AF1270781A36}.Debug|Any CPU.Build.0 = Debug|Any CPU
		{BF11703E-CF02-4FBB-8B23-AF1270781A36}.Release|Any CPU.ActiveCfg = Release|Any CPU
		{BF11703E-CF02-4FBB-8B23-AF1270781A36}.Release|Any CPU.Build.0 = Release|Any CPU
		{74E69CE6-D9D5-465F-A450-D090F7384206}.Debug|Any CPU.ActiveCfg = Debug|Any CPU
		{74E69CE6-D9D5-465F-A450-D090F7384206}.Debug|Any CPU.Build.0 = Debug|Any CPU
		{74E69CE6-D9D5-465F-A450-D090F7384206}.Release|Any CPU.ActiveCfg = Release|Any CPU
		{74E69CE6-D9D5-465F-A450-D090F7384206}.Release|Any CPU.Build.0 = Release|Any CPU
	EndGlobalSection
	GlobalSection(SolutionProperties) = preSolution
		HideSolutionNode = FALSE
	EndGlobalSection
	GlobalSection(ExtensibilityGlobals) = postSolution
		SolutionGuid = {B9058F4B-E37B-4C95-9910-807EDC13254D}
	EndGlobalSection
EndGlobal
